// !$*UTF8*$!
{
	archiveVersion = 1;
	classes = {
	};
	objectVersion = 55;
	objects = {

/* Begin PBXBuildFile section */
		8E3BD11428D32B4100255AE2 /* AppDelegate.swift in Sources */ = {isa = PBXBuildFile; fileRef = 8E3BD11328D32B4100255AE2 /* AppDelegate.swift */; };
		8E3BD11628D32B4100255AE2 /* SceneDelegate.swift in Sources */ = {isa = PBXBuildFile; fileRef = 8E3BD11528D32B4100255AE2 /* SceneDelegate.swift */; };
		8E3BD11828D32B4100255AE2 /* CalcController.swift in Sources */ = {isa = PBXBuildFile; fileRef = 8E3BD11728D32B4100255AE2 /* CalcController.swift */; };
		8E3BD11D28D32B4200255AE2 /* Assets.xcassets in Resources */ = {isa = PBXBuildFile; fileRef = 8E3BD11C28D32B4200255AE2 /* Assets.xcassets */; };
		8E3BD12028D32B4200255AE2 /* LaunchScreen.storyboard in Resources */ = {isa = PBXBuildFile; fileRef = 8E3BD11E28D32B4200255AE2 /* LaunchScreen.storyboard */; };
		8E3BD12C28D3D2BF00255AE2 /* CalcControllerViewModel.swift in Sources */ = {isa = PBXBuildFile; fileRef = 8E3BD12B28D3D2BF00255AE2 /* CalcControllerViewModel.swift */; };
		8E3BD12E28D3D2DD00255AE2 /* ButtonCell.swift in Sources */ = {isa = PBXBuildFile; fileRef = 8E3BD12D28D3D2DD00255AE2 /* ButtonCell.swift */; };
		8E3BD13028D3D30100255AE2 /* CalcHeaderCell.swift in Sources */ = {isa = PBXBuildFile; fileRef = 8E3BD12F28D3D30100255AE2 /* CalcHeaderCell.swift */; };
		8E3BD13228D3D31C00255AE2 /* CalculatorButton.swift in Sources */ = {isa = PBXBuildFile; fileRef = 8E3BD13128D3D31C00255AE2 /* CalculatorButton.swift */; };
		8E3BD13428D4083E00255AE2 /* CalculatorOperation.swift in Sources */ = {isa = PBXBuildFile; fileRef = 8E3BD13328D4083E00255AE2 /* CalculatorOperation.swift */; };
		8E3BD13628D4088500255AE2 /* Extensions.swift in Sources */ = {isa = PBXBuildFile; fileRef = 8E3BD13528D4088500255AE2 /* Extensions.swift */; };
/* End PBXBuildFile section */

/* Begin PBXFileReference section */
		8E3BD11028D32B4100255AE2 /* Calculator-Clone.app */ = {isa = PBXFileReference; explicitFileType = wrapper.application; includeInIndex = 0; path = "Calculator-Clone.app"; sourceTree = BUILT_PRODUCTS_DIR; };
		8E3BD11328D32B4100255AE2 /* AppDelegate.swift */ = {isa = PBXFileReference; lastKnownFileType = sourcecode.swift; path = AppDelegate.swift; sourceTree = "<group>"; };
		8E3BD11528D32B4100255AE2 /* SceneDelegate.swift */ = {isa = PBXFileReference; lastKnownFileType = sourcecode.swift; path = SceneDelegate.swift; sourceTree = "<group>"; };
		8E3BD11728D32B4100255AE2 /* CalcController.swift */ = {isa = PBXFileReference; lastKnownFileType = sourcecode.swift; path = CalcController.swift; sourceTree = "<group>"; };
		8E3BD11C28D32B4200255AE2 /* Assets.xcassets */ = {isa = PBXFileReference; lastKnownFileType = folder.assetcatalog; path = Assets.xcassets; sourceTree = "<group>"; };
		8E3BD11F28D32B4200255AE2 /* Base */ = {isa = PBXFileReference; lastKnownFileType = file.storyboard; name = Base; path = Base.lproj/LaunchScreen.storyboard; sourceTree = "<group>"; };
		8E3BD12128D32B4200255AE2 /* Info.plist */ = {isa = PBXFileReference; lastKnownFileType = text.plist.xml; path = Info.plist; sourceTree = "<group>"; };
		8E3BD12B28D3D2BF00255AE2 /* CalcControllerViewModel.swift */ = {isa = PBXFileReference; lastKnownFileType = sourcecode.swift; path = CalcControllerViewModel.swift; sourceTree = "<group>"; };
		8E3BD12D28D3D2DD00255AE2 /* ButtonCell.swift */ = {isa = PBXFileReference; lastKnownFileType = sourcecode.swift; path = ButtonCell.swift; sourceTree = "<group>"; };
		8E3BD12F28D3D30100255AE2 /* CalcHeaderCell.swift */ = {isa = PBXFileReference; lastKnownFileType = sourcecode.swift; path = CalcHeaderCell.swift; sourceTree = "<group>"; };
		8E3BD13128D3D31C00255AE2 /* CalculatorButton.swift */ = {isa = PBXFileReference; lastKnownFileType = sourcecode.swift; path = CalculatorButton.swift; sourceTree = "<group>"; };
		8E3BD13328D4083E00255AE2 /* CalculatorOperation.swift */ = {isa = PBXFileReference; lastKnownFileType = sourcecode.swift; path = CalculatorOperation.swift; sourceTree = "<group>"; };
		8E3BD13528D4088500255AE2 /* Extensions.swift */ = {isa = PBXFileReference; lastKnownFileType = sourcecode.swift; path = Extensions.swift; sourceTree = "<group>"; };
/* End PBXFileReference section */

/* Begin PBXFrameworksBuildPhase section */
		8E3BD10D28D32B4100255AE2 /* Frameworks */ = {
			isa = PBXFrameworksBuildPhase;
			buildActionMask = 2147483647;
			files = (
			);
			runOnlyForDeploymentPostprocessing = 0;
		};
/* End PBXFrameworksBuildPhase section */

/* Begin PBXGroup section */
		8E3BD10728D32B4100255AE2 = {
			isa = PBXGroup;
			children = (
				8E3BD11228D32B4100255AE2 /* Calculator-Clone */,
				8E3BD11128D32B4100255AE2 /* Products */,
			);
			sourceTree = "<group>";
		};
		8E3BD11128D32B4100255AE2 /* Products */ = {
			isa = PBXGroup;
			children = (
				8E3BD11028D32B4100255AE2 /* Calculator-Clone.app */,
			);
			name = Products;
			sourceTree = "<group>";
		};
		8E3BD11228D32B4100255AE2 /* Calculator-Clone */ = {
			isa = PBXGroup;
			children = (
				8E3BD11728D32B4100255AE2 /* CalcController.swift */,
				8E3BD12B28D3D2BF00255AE2 /* CalcControllerViewModel.swift */,
				8E3BD12A28D32C7B00255AE2 /* Views */,
				8E3BD12928D32C7800255AE2 /* Models */,
				8E3BD12828D32C5100255AE2 /* Supporting */,
				8E3BD12128D32B4200255AE2 /* Info.plist */,
			);
			path = "Calculator-Clone";
			sourceTree = "<group>";
		};
		8E3BD12828D32C5100255AE2 /* Supporting */ = {
			isa = PBXGroup;
			children = (
				8E3BD11328D32B4100255AE2 /* AppDelegate.swift */,
				8E3BD11528D32B4100255AE2 /* SceneDelegate.swift */,
				8E3BD11C28D32B4200255AE2 /* Assets.xcassets */,
				8E3BD11E28D32B4200255AE2 /* LaunchScreen.storyboard */,
				8E3BD13528D4088500255AE2 /* Extensions.swift */,
			);
			path = Supporting;
			sourceTree = "<group>";
		};
		8E3BD12928D32C7800255AE2 /* Models */ = {
			isa = PBXGroup;
			children = (
				8E3BD13128D3D31C00255AE2 /* CalculatorButton.swift */,
				8E3BD13328D4083E00255AE2 /* CalculatorOperation.swift */,
			);
			path = Models;
			sourceTree = "<group>";
		};
		8E3BD12A28D32C7B00255AE2 /* Views */ = {
			isa = PBXGroup;
			children = (
				8E3BD12D28D3D2DD00255AE2 /* ButtonCell.swift */,
				8E3BD12F28D3D30100255AE2 /* CalcHeaderCell.swift */,
			);
			path = Views;
			sourceTree = "<group>";
		};
/* End PBXGroup section */

/* Begin PBXNativeTarget section */
		8E3BD10F28D32B4100255AE2 /* Calculator-Clone */ = {
			isa = PBXNativeTarget;
			buildConfigurationList = 8E3BD12428D32B4200255AE2 /* Build configuration list for PBXNativeTarget "Calculator-Clone" */;
			buildPhases = (
				8E3BD10C28D32B4100255AE2 /* Sources */,
				8E3BD10D28D32B4100255AE2 /* Frameworks */,
				8E3BD10E28D32B4100255AE2 /* Resources */,
			);
			buildRules = (
			);
			dependencies = (
			);
			name = "Calculator-Clone";
			productName = "Calculator-Clone";
			productReference = 8E3BD11028D32B4100255AE2 /* Calculator-Clone.app */;
			productType = "com.apple.product-type.application";
		};
/* End PBXNativeTarget section */

/* Begin PBXProject section */
		8E3BD10828D32B4100255AE2 /* Project object */ = {
			isa = PBXProject;
			attributes = {
				BuildIndependentTargetsInParallel = 1;
				LastSwiftUpdateCheck = 1320;
				LastUpgradeCheck = 1320;
				TargetAttributes = {
					8E3BD10F28D32B4100255AE2 = {
						CreatedOnToolsVersion = 13.2.1;
					};
				};
			};
			buildConfigurationList = 8E3BD10B28D32B4100255AE2 /* Build configuration list for PBXProject "Calculator-Clone" */;
			compatibilityVersion = "Xcode 13.0";
			developmentRegion = en;
			hasScannedForEncodings = 0;
			knownRegions = (
				en,
				Base,
			);
			mainGroup = 8E3BD10728D32B4100255AE2;
			productRefGroup = 8E3BD11128D32B4100255AE2 /* Products */;
			projectDirPath = "";
			projectRoot = "";
			targets = (
				8E3BD10F28D32B4100255AE2 /* Calculator-Clone */,
			);
		};
/* End PBXProject section */

/* Begin PBXResourcesBuildPhase section */
		8E3BD10E28D32B4100255AE2 /* Resources */ = {
			isa = PBXResourcesBuildPhase;
			buildActionMask = 2147483647;
			files = (
				8E3BD12028D32B4200255AE2 /* LaunchScreen.storyboard in Resources */,
				8E3BD11D28D32B4200255AE2 /* Assets.xcassets in Resources */,
			);
			runOnlyForDeploymentPostprocessing = 0;
		};
/* End PBXResourcesBuildPhase section */

/* Begin PBXSourcesBuildPhase section */
		8E3BD10C28D32B4100255AE2 /* Sources */ = {
			isa = PBXSourcesBuildPhase;
			buildActionMask = 2147483647;
			files = (
				8E3BD11828D32B4100255AE2 /* CalcController.swift in Sources */,
				8E3BD13628D4088500255AE2 /* Extensions.swift in Sources */,
				8E3BD13228D3D31C00255AE2 /* CalculatorButton.swift in Sources */,
				8E3BD11428D32B4100255AE2 /* AppDelegate.swift in Sources */,
				8E3BD11628D32B4100255AE2 /* SceneDelegate.swift in Sources */,
				8E3BD13028D3D30100255AE2 /* CalcHeaderCell.swift in Sources */,
				8E3BD12E28D3D2DD00255AE2 /* ButtonCell.swift in Sources */,
				8E3BD12C28D3D2BF00255AE2 /* CalcControllerViewModel.swift in Sources */,
				8E3BD13428D4083E00255AE2 /* CalculatorOperation.swift in Sources */,
			);
			runOnlyForDeploymentPostprocessing = 0;
		};
/* End PBXSourcesBuildPhase section */

/* Begin PBXVariantGroup section */
		8E3BD11E28D32B4200255AE2 /* LaunchScreen.storyboard */ = {
			isa = PBXVariantGroup;
			children = (
				8E3BD11F28D32B4200255AE2 /* Base */,
			);
			name = LaunchScreen.storyboard;
			sourceTree = "<group>";
		};
/* End PBXVariantGroup section */

/* Begin XCBuildConfiguration section */
		8E3BD12228D32B4200255AE2 /* Debug */ = {
			isa = XCBuildConfiguration;
			buildSettings = {
				ALWAYS_SEARCH_USER_PATHS = NO;
				CLANG_ANALYZER_NONNULL = YES;
				CLANG_ANALYZER_NUMBER_OBJECT_CONVERSION = YES_AGGRESSIVE;
				CLANG_CXX_LANGUAGE_STANDARD = "gnu++17";
				CLANG_CXX_LIBRARY = "libc++";
				CLANG_ENABLE_MODULES = YES;
				CLANG_ENABLE_OBJC_ARC = YES;
				CLANG_ENABLE_OBJC_WEAK = YES;
				CLANG_WARN_BLOCK_CAPTURE_AUTORELEASING = YES;
				CLANG_WARN_BOOL_CONVERSION = YES;
				CLANG_WARN_COMMA = YES;
				CLANG_WARN_CONSTANT_CONVERSION = YES;
				CLANG_WARN_DEPRECATED_OBJC_IMPLEMENTATIONS = YES;
				CLANG_WARN_DIRECT_OBJC_ISA_USAGE = YES_ERROR;
				CLANG_WARN_DOCUMENTATION_COMMENTS = YES;
				CLANG_WARN_EMPTY_BODY = YES;
				CLANG_WARN_ENUM_CONVERSION = YES;
				CLANG_WARN_INFINITE_RECURSION = YES;
				CLANG_WARN_INT_CONVERSION = YES;
				CLANG_WARN_NON_LITERAL_NULL_CONVERSION = YES;
				CLANG_WARN_OBJC_IMPLICIT_RETAIN_SELF = YES;
				CLANG_WARN_OBJC_LITERAL_CONVERSION = YES;
				CLANG_WARN_OBJC_ROOT_CLASS = YES_ERROR;
				CLANG_WARN_QUOTED_INCLUDE_IN_FRAMEWORK_HEADER = YES;
				CLANG_WARN_RANGE_LOOP_ANALYSIS = YES;
				CLANG_WARN_STRICT_PROTOTYPES = YES;
				CLANG_WARN_SUSPICIOUS_MOVE = YES;
				CLANG_WARN_UNGUARDED_AVAILABILITY = YES_AGGRESSIVE;
				CLANG_WARN_UNREACHABLE_CODE = YES;
				CLANG_WARN__DUPLICATE_METHOD_MATCH = YES;
				COPY_PHASE_STRIP = NO;
				DEBUG_INFORMATION_FORMAT = dwarf;
				ENABLE_STRICT_OBJC_MSGSEND = YES;
				ENABLE_TESTABILITY = YES;
				GCC_C_LANGUAGE_STANDARD = gnu11;
				GCC_DYNAMIC_NO_PIC = NO;
				GCC_NO_COMMON_BLOCKS = YES;
				GCC_OPTIMIZATION_LEVEL = 0;
				GCC_PREPROCESSOR_DEFINITIONS = (
					"DEBUG=1",
					"$(inherited)",
				);
				GCC_WARN_64_TO_32_BIT_CONVERSION = YES;
				GCC_WARN_ABOUT_RETURN_TYPE = YES_ERROR;
				GCC_WARN_UNDECLARED_SELECTOR = YES;
				GCC_WARN_UNINITIALIZED_AUTOS = YES_AGGRESSIVE;
				GCC_WARN_UNUSED_FUNCTION = YES;
				GCC_WARN_UNUSED_VARIABLE = YES;
				IPHONEOS_DEPLOYMENT_TARGET = 15.2;
				MTL_ENABLE_DEBUG_INFO = INCLUDE_SOURCE;
				MTL_FAST_MATH = YES;
				ONLY_ACTIVE_ARCH = YES;
				SDKROOT = iphoneos;
				SWIFT_ACTIVE_COMPILATION_CONDITIONS = DEBUG;
				SWIFT_OPTIMIZATION_LEVEL = "-Onone";
			};
			name = Debug;
		};
		8E3BD12328D32B4200255AE2 /* Release */ = {
			isa = XCBuildConfiguration;
			buildSettings = {
				ALWAYS_SEARCH_USER_PATHS = NO;
				CLANG_ANALYZER_NONNULL = YES;
				CLANG_ANALYZER_NUMBER_OBJECT_CONVERSION = YES_AGGRESSIVE;
				CLANG_CXX_LANGUAGE_STANDARD = "gnu++17";
				CLANG_CXX_LIBRARY = "libc++";
				CLANG_ENABLE_MODULES = YES;
				CLANG_ENABLE_OBJC_ARC = YES;
				CLANG_ENABLE_OBJC_WEAK = YES;
				CLANG_WARN_BLOCK_CAPTURE_AUTORELEASING = YES;
				CLANG_WARN_BOOL_CONVERSION = YES;
				CLANG_WARN_COMMA = YES;
				CLANG_WARN_CONSTANT_CONVERSION = YES;
				CLANG_WARN_DEPRECATED_OBJC_IMPLEMENTATIONS = YES;
				CLANG_WARN_DIRECT_OBJC_ISA_USAGE = YES_ERROR;
				CLANG_WARN_DOCUMENTATION_COMMENTS = YES;
				CLANG_WARN_EMPTY_BODY = YES;
				CLANG_WARN_ENUM_CONVERSION = YES;
				CLANG_WARN_INFINITE_RECURSION = YES;
				CLANG_WARN_INT_CONVERSION = YES;
				CLANG_WARN_NON_LITERAL_NULL_CONVERSION = YES;
				CLANG_WARN_OBJC_IMPLICIT_RETAIN_SELF = YES;
				CLANG_WARN_OBJC_LITERAL_CONVERSION = YES;
				CLANG_WARN_OBJC_ROOT_CLASS = YES_ERROR;
				CLANG_WARN_QUOTED_INCLUDE_IN_FRAMEWORK_HEADER = YES;
				CLANG_WARN_RANGE_LOOP_ANALYSIS = YES;
				CLANG_WARN_STRICT_PROTOTYPES = YES;
				CLANG_WARN_SUSPICIOUS_MOVE = YES;
				CLANG_WARN_UNGUARDED_AVAILABILITY = YES_AGGRESSIVE;
				CLANG_WARN_UNREACHABLE_CODE = YES;
				CLANG_WARN__DUPLICATE_METHOD_MATCH = YES;
				COPY_PHASE_STRIP = NO;
				DEBUG_INFORMATION_FORMAT = "dwarf-with-dsym";
				ENABLE_NS_ASSERTIONS = NO;
				ENABLE_STRICT_OBJC_MSGSEND = YES;
				GCC_C_LANGUAGE_STANDARD = gnu11;
				GCC_NO_COMMON_BLOCKS = YES;
				GCC_WARN_64_TO_32_BIT_CONVERSION = YES;
				GCC_WARN_ABOUT_RETURN_TYPE = YES_ERROR;
				GCC_WARN_UNDECLARED_SELECTOR = YES;
				GCC_WARN_UNINITIALIZED_AUTOS = YES_AGGRESSIVE;
				GCC_WARN_UNUSED_FUNCTION = YES;
				GCC_WARN_UNUSED_VARIABLE = YES;
				IPHONEOS_DEPLOYMENT_TARGET = 15.2;
				MTL_ENABLE_DEBUG_INFO = NO;
				MTL_FAST_MATH = YES;
				SDKROOT = iphoneos;
				SWIFT_COMPILATION_MODE = wholemodule;
				SWIFT_OPTIMIZATION_LEVEL = "-O";
				VALIDATE_PRODUCT = YES;
			};
			name = Release;
		};
		8E3BD12528D32B4200255AE2 /* Debug */ = {
			isa = XCBuildConfiguration;
			buildSettings = {
				ASSETCATALOG_COMPILER_APPICON_NAME = AppIcon;
				ASSETCATALOG_COMPILER_GLOBAL_ACCENT_COLOR_NAME = AccentColor;
				CODE_SIGN_STYLE = Automatic;
				CURRENT_PROJECT_VERSION = 1;
				DEVELOPMENT_TEAM = DXHLAG9HB4;
				GENERATE_INFOPLIST_FILE = YES;
				INFOPLIST_FILE = "Calculator-Clone/Info.plist";
				INFOPLIST_KEY_UIApplicationSupportsIndirectInputEvents = YES;
				INFOPLIST_KEY_UILaunchStoryboardName = LaunchScreen;
				INFOPLIST_KEY_UISupportedInterfaceOrientations_iPad = "UIInterfaceOrientationPortrait UIInterfaceOrientationPortraitUpsideDown UIInterfaceOrientationLandscapeLeft UIInterfaceOrientationLandscapeRight";
				INFOPLIST_KEY_UISupportedInterfaceOrientations_iPhone = "UIInterfaceOrientationPortrait UIInterfaceOrientationLandscapeLeft UIInterfaceOrientationLandscapeRight";
				LD_RUNPATH_SEARCH_PATHS = (
					"$(inherited)",
					"@executable_path/Frameworks",
				);
				MARKETING_VERSION = 1.0;
				PRODUCT_BUNDLE_IDENTIFIER = "xyz.codebrah.Calculator-Clone";
				PRODUCT_NAME = "$(TARGET_NAME)";
				SWIFT_EMIT_LOC_STRINGS = YES;
				SWIFT_VERSION = 5.0;
				TARGETED_DEVICE_FAMILY = "1,2";
			};
			name = Debug;
		};
		8E3BD12628D32B4200255AE2 /* Release */ = {
			isa = XCBuildConfiguration;
			buildSettings = {
				ASSETCATALOG_COMPILER_APPICON_NAME = AppIcon;
				ASSETCATALOG_COMPILER_GLOBAL_ACCENT_COLOR_NAME = AccentColor;
				CODE_SIGN_STYLE = Automatic;
				CURRENT_PROJECT_VERSION = 1;
				DEVELOPMENT_TEAM = DXHLAG9HB4;
				GENERATE_INFOPLIST_FILE = YES;
				INFOPLIST_FILE = "Calculator-Clone/Info.plist";
				INFOPLIST_KEY_UIApplicationSupportsIndirectInputEvents = YES;
				INFOPLIST_KEY_UILaunchStoryboardName = LaunchScreen;
				INFOPLIST_KEY_UISupportedInterfaceOrientations_iPad = "UIInterfaceOrientationPortrait UIInterfaceOrientationPortraitUpsideDown UIInterfaceOrientationLandscapeLeft UIInterfaceOrientationLandscapeRight";
				INFOPLIST_KEY_UISupportedInterfaceOrientations_iPhone = "UIInterfaceOrientationPortrait UIInterfaceOrientationLandscapeLeft UIInterfaceOrientationLandscapeRight";
				LD_RUNPATH_SEARCH_PATHS = (
					"$(inherited)",
					"@executable_path/Frameworks",
				);
				MARKETING_VERSION = 1.0;
				PRODUCT_BUNDLE_IDENTIFIER = "xyz.codebrah.Calculator-Clone";
				PRODUCT_NAME = "$(TARGET_NAME)";
				SWIFT_EMIT_LOC_STRINGS = YES;
				SWIFT_VERSION = 5.0;
				TARGETED_DEVICE_FAMILY = "1,2";
			};
			name = Release;
		};
/* End XCBuildConfiguration section */

/* Begin XCConfigurationList section */
		8E3BD10B28D32B4100255AE2 /* Build configuration list for PBXProject "Calculator-Clone" */ = {
			isa = XCConfigurationList;
			buildConfigurations = (
				8E3BD12228D32B4200255AE2 /* Debug */,
				8E3BD12328D32B4200255AE2 /* Release */,
			);
			defaultConfigurationIsVisible = 0;
			defaultConfigurationName = Release;
		};
		8E3BD12428D32B4200255AE2 /* Build configuration list for PBXNativeTarget "Calculator-Clone" */ = {
			isa = XCConfigurationList;
			buildConfigurations = (
				8E3BD12528D32B4200255AE2 /* Debug */,
				8E3BD12628D32B4200255AE2 /* Release */,
			);
			defaultConfigurationIsVisible = 0;
			defaultConfigurationName = Release;
		};
/* End XCConfigurationList section */
	};
	rootObject = 8E3BD10828D32B4100255AE2 /* Project object */;
}
